
Microsoft Visual Studio Solution File, Format Version 12.00
# Visual Studio Version 16
VisualStudioVersion = 16.0.29306.81
MinimumVisualStudioVersion = 10.0.40219.1
Project("{8BC9CEB8-8B4A-11D0-8D11-00A0C91BC942}") = "gdmascamv3", "gdmascamv3.vcxproj", "{EBAA4F6A-5C57-4C25-AD9C-84324F4738D2}"
EndProject
Global
	GlobalSection(SolutionConfigurationPlatforms) = preSolution
		Debug|x64 = Debug|x64
		Debug|x86 = Debug|x86
		Release|x64 = Release|x64
		Release|x86 = Release|x86
	EndGlobalSection
	GlobalSection(ProjectConfigurationPlatforms) = postSolution
		{EBAA4F6A-5C57-4C25-AD9C-84324F4738D2}.Debug|x64.ActiveCfg = Debug|x64
		{EBAA4F6A-5C57-4C25-AD9C-84324F4738D2}.Debug|x64.Build.0 = Debug|x64
		{EBAA4F6A-5C57-4C25-AD9C-84324F4738D2}.Debug|x86.ActiveCfg = Debug|Win32
		{EBAA4F6A-5C57-4C25-AD9C-84324F4738D2}.Debug|x86.Build.0 = Debug|Win32
		{EBAA4F6A-5C57-4C25-AD9C-84324F4738D2}.Release|x64.ActiveCfg = Release|x64
		{EBAA4F6A-5C57-4C25-AD9C-84324F4738D2}.Release|x64.Build.0 = Release|x64
		{EBAA4F6A-5C57-4C25-AD9C-84324F4738D2}.Release|x86.ActiveCfg = Release|Win32
		{EBAA4F6A-5C57-4C25-AD9C-84324F4738D2}.Release|x86.Build.0 = Release|Win32
	EndGlobalSection
	GlobalSection(SolutionProperties) = preSolution
		HideSolutionNode = FALSE
	EndGlobalSection
	GlobalSection(ExtensibilityGlobals) = postSolution
		SolutionGuid = {7E90BF13-BA6A-45B8-9979-99C559F21BFC}
	EndGlobalSection
EndGlobal
